// !$*UTF8*$!
{
	archiveVersion = 1;
	classes = {
	};
	objectVersion = 77;
	objects = {

/* Begin PBXBuildFile section */
		D4A1B2C3E5F60718293A4B13 /* LicenseList in Frameworks */ = {isa = PBXBuildFile; productRef = D4A1B2C3E5F60718293A4B12 /* LicenseList */; };
		D4A1B2C3E5F60718293A4B03 /* RevenueCat in Frameworks */ = {isa = PBXBuildFile; productRef = D4A1B2C3E5F60718293A4B02 /* RevenueCat */; };
		A1E5F0C4D2B34A5687C90101 /* StoreKitTest.framework in Frameworks */ = {isa = PBXBuildFile; fileRef = A1E5F0C4D2B34A5687C90102 /* StoreKitTest.framework */; };
		A1E5F0C4D2B34A5687C90103 /* Nikki.storekit in Resources */ = {isa = PBXBuildFile; fileRef = A1E5F0C4D2B34A5687C90104 /* Nikki.storekit */; };
/* End PBXBuildFile section */

/* Begin PBXFileReference section */
		07FD79C6F7133FAB73E4C435 /* NikkiTests.xctest */ = {isa = PBXFileReference; includeInIndex = 0; lastKnownFileType = wrapper.cfbundle; path = NikkiTests.xctest; sourceTree = BUILT_PRODUCTS_DIR; };
		38B39791C2AB0FB5EC739A70 /* Nikki.app */ = {isa = PBXFileReference; includeInIndex = 0; lastKnownFileType = wrapper.application; path = Nikki.app; sourceTree = BUILT_PRODUCTS_DIR; };
		9E4C1A70B3D25F8146A7C001 /* NikkiUITests.xctest */ = {isa = PBXFileReference; includeInIndex = 0; lastKnownFileType = wrapper.cfbundle; path = NikkiUITests.xctest; sourceTree = BUILT_PRODUCTS_DIR; };
		A1E5F0C4D2B34A5687C90102 /* StoreKitTest.framework */ = {isa = PBXFileReference; lastKnownFileType = wrapper.framework; name = StoreKitTest.framework; path = System/Library/Frameworks/StoreKitTest.framework; sourceTree = SDKROOT; };
		A1E5F0C4D2B34A5687C90104 /* Nikki.storekit */ = {isa = PBXFileReference; lastKnownFileType = text.json.storekit; path = Nikki.storekit; sourceTree = "<group>"; };
/* End PBXFileReference section */

/* Begin PBXFileSystemSynchronizedBuildFileExceptionSet section */
		9D3A1F204C8B4E67A2D5B301 /* Exceptions for "Nikki" folder in "Nikki" target */ = {
			isa = PBXFileSystemSynchronizedBuildFileExceptionSet;
			membershipExceptions = (
				"Features/Archive/QA.md",
				"Features/Editor/QA.md",
				"Features/Home/QA.md",
				"Features/License/QA.md",
				"Features/Lock/QA.md",
				"Features/Notebooks/QA.md",
				"Features/Onboarding/QA.md",
				"Features/Paywall/QA.md",
				"Features/Settings/QA.md",
				"Features/Templates/QA.md",
				"Features/Theme/QA.md",
				"Info-macOS.plist",
				Info.plist,
				"Nikki-macOS.entitlements",
				Nikki.entitlements,
			);
			target = 54F30CD89F23FF354956763C /* Nikki */;
		};
/* End PBXFileSystemSynchronizedBuildFileExceptionSet section */

/* Begin PBXFileSystemSynchronizedRootGroup section */
		152D1E6653A12D49B828BAF0 /* Nikki */ = {
			isa = PBXFileSystemSynchronizedRootGroup;
			exceptions = (
				9D3A1F204C8B4E67A2D5B301 /* Exceptions for "Nikki" folder in "Nikki" target */,
			);
			path = Nikki;
			sourceTree = "<group>";
		};
		3418E7616F6540FAF8D16402 /* NikkiTests */ = {
			isa = PBXFileSystemSynchronizedRootGroup;
			path = NikkiTests;
			sourceTree = "<group>";
		};
		9E4C1A70B3D25F8146A7C002 /* NikkiUITests */ = {
			isa = PBXFileSystemSynchronizedRootGroup;
			path = NikkiUITests;
			sourceTree = "<group>";
		};
/* End PBXFileSystemSynchronizedRootGroup section */

/* Begin PBXFrameworksBuildPhase section */
		D4A1B2C3E5F60718293A4B04 /* Frameworks */ = {
			isa = PBXFrameworksBuildPhase;
			buildActionMask = 2147483647;
			files = (
				D4A1B2C3E5F60718293A4B13 /* LicenseList in Frameworks */,
				D4A1B2C3E5F60718293A4B03 /* RevenueCat in Frameworks */,
			);
			runOnlyForDeploymentPostprocessing = 0;
		};
		A1E5F0C4D2B34A5687C90105 /* Frameworks */ = {
			isa = PBXFrameworksBuildPhase;
			buildActionMask = 2147483647;
			files = (
				A1E5F0C4D2B34A5687C90101 /* StoreKitTest.framework in Frameworks */,
			);
			runOnlyForDeploymentPostprocessing = 0;
		};
/* End PBXFrameworksBuildPhase section */

/* Begin PBXGroup section */
		C1F193C3C25AEDDCB3633E69 /* Products */ = {
			isa = PBXGroup;
			children = (
				38B39791C2AB0FB5EC739A70 /* Nikki.app */,
				07FD79C6F7133FAB73E4C435 /* NikkiTests.xctest */,
				9E4C1A70B3D25F8146A7C001 /* NikkiUITests.xctest */,
			);
			name = Products;
			sourceTree = "<group>";
		};
		CF7F7D3FCA8CDA90C72D5B31 = {
			isa = PBXGroup;
			children = (
				152D1E6653A12D49B828BAF0 /* Nikki */,
				3418E7616F6540FAF8D16402 /* NikkiTests */,
				9E4C1A70B3D25F8146A7C002 /* NikkiUITests */,
				A1E5F0C4D2B34A5687C90104 /* Nikki.storekit */,
				C1F193C3C25AEDDCB3633E69 /* Products */,
			);
			sourceTree = "<group>";
		};
/* End PBXGroup section */

/* Begin PBXNativeTarget section */
		54F30CD89F23FF354956763C /* Nikki */ = {
			isa = PBXNativeTarget;
			buildConfigurationList = AFE06502562D18338371C047 /* Build configuration list for PBXNativeTarget "Nikki" */;
			buildPhases = (
				BB30DC9471FD946681143FF2 /* Sources */,
				D4A1B2C3E5F60718293A4B04 /* Frameworks */,
				A074E973B7A20922EE2C3F14 /* Resources */,
			);
			buildRules = (
			);
			dependencies = (
			);
			fileSystemSynchronizedGroups = (
				152D1E6653A12D49B828BAF0 /* Nikki */,
			);
			name = Nikki;
			packageProductDependencies = (
				D4A1B2C3E5F60718293A4B12 /* LicenseList */,
				D4A1B2C3E5F60718293A4B02 /* RevenueCat */,
			);
			productName = Nikki;
			productReference = 38B39791C2AB0FB5EC739A70 /* Nikki.app */;
			productType = "com.apple.product-type.application";
		};
		FE442D62C95D3A6C1DBFD3A1 /* NikkiTests */ = {
			isa = PBXNativeTarget;
			buildConfigurationList = 541D6ACCE3BA87317A4073B4 /* Build configuration list for PBXNativeTarget "NikkiTests" */;
			buildPhases = (
				80E49BA6DC6B7983C7906190 /* Sources */,
				A1E5F0C4D2B34A5687C90105 /* Frameworks */,
				A1E5F0C4D2B34A5687C90106 /* Resources */,
			);
			buildRules = (
			);
			dependencies = (
				F8ABA416C469FE968BE85512 /* PBXTargetDependency */,
			);
			fileSystemSynchronizedGroups = (
				3418E7616F6540FAF8D16402 /* NikkiTests */,
			);
			name = NikkiTests;
			packageProductDependencies = (
			);
			productName = NikkiTests;
			productReference = 07FD79C6F7133FAB73E4C435 /* NikkiTests.xctest */;
			productType = "com.apple.product-type.bundle.unit-test";
		};
		9E4C1A70B3D25F8146A7C003 /* NikkiUITests */ = {
			isa = PBXNativeTarget;
			buildConfigurationList = 9E4C1A70B3D25F8146A7C008 /* Build configuration list for PBXNativeTarget "NikkiUITests" */;
			buildPhases = (
				9E4C1A70B3D25F8146A7C004 /* Sources */,
			);
			buildRules = (
			);
			dependencies = (
				9E4C1A70B3D25F8146A7C005 /* PBXTargetDependency */,
			);
			fileSystemSynchronizedGroups = (
				9E4C1A70B3D25F8146A7C002 /* NikkiUITests */,
			);
			name = NikkiUITests;
			packageProductDependencies = (
			);
			productName = NikkiUITests;
			productReference = 9E4C1A70B3D25F8146A7C001 /* NikkiUITests.xctest */;
			productType = "com.apple.product-type.bundle.ui-testing";
		};
/* End PBXNativeTarget section */

/* Begin PBXProject section */
		C619DB1EB9B6EB70324F8801 /* Project object */ = {
			isa = PBXProject;
			attributes = {
				BuildIndependentTargetsInParallel = YES;
				LastUpgradeCheck = 1430;
				TargetAttributes = {
					54F30CD89F23FF354956763C = {
						DevelopmentTeam = TQPN82UBBY;
						ProvisioningStyle = Automatic;
					};
					9E4C1A70B3D25F8146A7C003 = {
						DevelopmentTeam = TQPN82UBBY;
						ProvisioningStyle = Automatic;
						TestTargetID = 54F30CD89F23FF354956763C;
					};
					FE442D62C95D3A6C1DBFD3A1 = {
						DevelopmentTeam = TQPN82UBBY;
						ProvisioningStyle = Automatic;
					};
				};
			};
			buildConfigurationList = 79CBA718B90F10AF93AAF9F2 /* Build configuration list for PBXProject "Nikki" */;
			developmentRegion = en;
			hasScannedForEncodings = 0;
			knownRegions = (
				Base,
				en,
				ja,
			);
			mainGroup = CF7F7D3FCA8CDA90C72D5B31;
			minimizedProjectReferenceProxies = 1;
			packageReferences = (
				D4A1B2C3E5F60718293A4B11 /* XCRemoteSwiftPackageReference "LicenseList" */,
				D4A1B2C3E5F60718293A4B01 /* XCRemoteSwiftPackageReference "purchases-ios-spm" */,
			);
			preferredProjectObjectVersion = 77;
			productRefGroup = C1F193C3C25AEDDCB3633E69 /* Products */;
			projectDirPath = "";
			projectRoot = "";
			targets = (
				54F30CD89F23FF354956763C /* Nikki */,
				FE442D62C95D3A6C1DBFD3A1 /* NikkiTests */,
				9E4C1A70B3D25F8146A7C003 /* NikkiUITests */,
			);
		};
/* End PBXProject section */

/* Begin PBXResourcesBuildPhase section */
		A074E973B7A20922EE2C3F14 /* Resources */ = {
			isa = PBXResourcesBuildPhase;
			buildActionMask = 2147483647;
			files = (
			);
			runOnlyForDeploymentPostprocessing = 0;
		};
		A1E5F0C4D2B34A5687C90106 /* Resources */ = {
			isa = PBXResourcesBuildPhase;
			buildActionMask = 2147483647;
			files = (
				A1E5F0C4D2B34A5687C90103 /* Nikki.storekit in Resources */,
			);
			runOnlyForDeploymentPostprocessing = 0;
		};
/* End PBXResourcesBuildPhase section */

/* Begin PBXSourcesBuildPhase section */
		80E49BA6DC6B7983C7906190 /* Sources */ = {
			isa = PBXSourcesBuildPhase;
			buildActionMask = 2147483647;
			files = (
			);
			runOnlyForDeploymentPostprocessing = 0;
		};
		9E4C1A70B3D25F8146A7C004 /* Sources */ = {
			isa = PBXSourcesBuildPhase;
			buildActionMask = 2147483647;
			files = (
			);
			runOnlyForDeploymentPostprocessing = 0;
		};
		BB30DC9471FD946681143FF2 /* Sources */ = {
			isa = PBXSourcesBuildPhase;
			buildActionMask = 2147483647;
			files = (
			);
			runOnlyForDeploymentPostprocessing = 0;
		};
/* End PBXSourcesBuildPhase section */

/* Begin PBXTargetDependency section */
		9E4C1A70B3D25F8146A7C005 /* PBXTargetDependency */ = {
			isa = PBXTargetDependency;
			target = 54F30CD89F23FF354956763C /* Nikki */;
		};
		F8ABA416C469FE968BE85512 /* PBXTargetDependency */ = {
			isa = PBXTargetDependency;
			target = 54F30CD89F23FF354956763C /* Nikki */;
		};
/* End PBXTargetDependency section */

/* Begin XCBuildConfiguration section */
		9E4C1A70B3D25F8146A7C006 /* Debug */ = {
			isa = XCBuildConfiguration;
			buildSettings = {
				GENERATE_INFOPLIST_FILE = YES;
				IPHONEOS_DEPLOYMENT_TARGET = 18.0;
				LD_RUNPATH_SEARCH_PATHS = (
					"$(inherited)",
					"@executable_path/Frameworks",
					"@loader_path/Frameworks",
				);
				"LD_RUNPATH_SEARCH_PATHS[sdk=macosx*]" = (
					"$(inherited)",
					"@executable_path/../Frameworks",
					"@loader_path/../Frameworks",
				);
				MACOSX_DEPLOYMENT_TARGET = 15.0;
				PRODUCT_BUNDLE_IDENTIFIER = com.bannzai.NikkiUITests;
				SDKROOT = auto;
				SUPPORTED_PLATFORMS = "iphoneos iphonesimulator macosx";
				SUPPORTS_MACCATALYST = NO;
				TARGETED_DEVICE_FAMILY = "1,2";
				TEST_TARGET_NAME = Nikki;
			};
			name = Debug;
		};
		9E4C1A70B3D25F8146A7C007 /* Release */ = {
			isa = XCBuildConfiguration;
			buildSettings = {
				GENERATE_INFOPLIST_FILE = YES;
				IPHONEOS_DEPLOYMENT_TARGET = 18.0;
				LD_RUNPATH_SEARCH_PATHS = (
					"$(inherited)",
					"@executable_path/Frameworks",
					"@loader_path/Frameworks",
				);
				"LD_RUNPATH_SEARCH_PATHS[sdk=macosx*]" = (
					"$(inherited)",
					"@executable_path/../Frameworks",
					"@loader_path/../Frameworks",
				);
				MACOSX_DEPLOYMENT_TARGET = 15.0;
				PRODUCT_BUNDLE_IDENTIFIER = com.bannzai.NikkiUITests;
				SDKROOT = auto;
				SUPPORTED_PLATFORMS = "iphoneos iphonesimulator macosx";
				SUPPORTS_MACCATALYST = NO;
				TARGETED_DEVICE_FAMILY = "1,2";
				TEST_TARGET_NAME = Nikki;
			};
			name = Release;
		};
		0A277F8A25B763F69F1B2731 /* Release */ = {
			isa = XCBuildConfiguration;
			buildSettings = {
				ASSETCATALOG_COMPILER_APPICON_NAME = AppIcon;
				CODE_SIGN_ENTITLEMENTS = Nikki/Nikki.entitlements;
				"CODE_SIGN_ENTITLEMENTS[sdk=macosx*]" = "Nikki/Nikki-macOS.entitlements";
				CODE_SIGN_IDENTITY = "Apple Development";
				ENABLE_USER_SCRIPT_SANDBOXING = YES;
				GENERATE_INFOPLIST_FILE = NO;
				INFOPLIST_FILE = Nikki/Info.plist;
				"INFOPLIST_FILE[sdk=macosx*]" = "Nikki/Info-macOS.plist";
				INFOPLIST_KEY_CFBundleDisplayName = Nikki;
				IPHONEOS_DEPLOYMENT_TARGET = 18.0;
				LD_RUNPATH_SEARCH_PATHS = (
					"$(inherited)",
					"@executable_path/Frameworks",
				);
				"LD_RUNPATH_SEARCH_PATHS[sdk=macosx*]" = (
					"$(inherited)",
					"@executable_path/../Frameworks",
				);
				MACOSX_DEPLOYMENT_TARGET = 15.0;
				LOCALIZATION_PREFERS_STRING_CATALOGS = YES;
				PRODUCT_BUNDLE_IDENTIFIER = com.bannzai.Nikki;
				SWIFT_EMIT_LOC_STRINGS = YES;
				PRODUCT_NAME = Nikki;
				SDKROOT = auto;
				SUPPORTED_PLATFORMS = "iphoneos iphonesimulator macosx";
				SUPPORTS_MACCATALYST = NO;
				SUPPORTS_MAC_DESIGNED_FOR_IPHONE_IPAD = NO;
				TARGETED_DEVICE_FAMILY = "1,2";
			};
			name = Release;
		};
		5023EE8AE4AAAAEF72C1026E /* Debug */ = {
			isa = XCBuildConfiguration;
			buildSettings = {
				ASSETCATALOG_COMPILER_APPICON_NAME = AppIcon;
				CODE_SIGN_ENTITLEMENTS = Nikki/Nikki.entitlements;
				"CODE_SIGN_ENTITLEMENTS[sdk=macosx*]" = "Nikki/Nikki-macOS.entitlements";
				CODE_SIGN_IDENTITY = "Apple Development";
				ENABLE_USER_SCRIPT_SANDBOXING = YES;
				GENERATE_INFOPLIST_FILE = NO;
				INFOPLIST_FILE = Nikki/Info.plist;
				"INFOPLIST_FILE[sdk=macosx*]" = "Nikki/Info-macOS.plist";
				INFOPLIST_KEY_CFBundleDisplayName = Nikki;
				IPHONEOS_DEPLOYMENT_TARGET = 18.0;
				LD_RUNPATH_SEARCH_PATHS = (
					"$(inherited)",
					"@executable_path/Frameworks",
				);
				"LD_RUNPATH_SEARCH_PATHS[sdk=macosx*]" = (
					"$(inherited)",
					"@executable_path/../Frameworks",
				);
				MACOSX_DEPLOYMENT_TARGET = 15.0;
				LOCALIZATION_PREFERS_STRING_CATALOGS = YES;
				PRODUCT_BUNDLE_IDENTIFIER = com.bannzai.Nikki;
				SWIFT_EMIT_LOC_STRINGS = YES;
				PRODUCT_NAME = Nikki;
				SDKROOT = auto;
				SUPPORTED_PLATFORMS = "iphoneos iphonesimulator macosx";
				SUPPORTS_MACCATALYST = NO;
				SUPPORTS_MAC_DESIGNED_FOR_IPHONE_IPAD = NO;
				TARGETED_DEVICE_FAMILY = "1,2";
			};
			name = Debug;
		};
		55D173B46432ECF709CE0EC0 /* Release */ = {
			isa = XCBuildConfiguration;
			buildSettings = {
				ALWAYS_SEARCH_USER_PATHS = NO;
				CLANG_ANALYZER_NONNULL = YES;
				CLANG_ANALYZER_NUMBER_OBJECT_CONVERSION = YES_AGGRESSIVE;
				CLANG_CXX_LANGUAGE_STANDARD = "gnu++14";
				CLANG_CXX_LIBRARY = "libc++";
				CLANG_ENABLE_MODULES = YES;
				CLANG_ENABLE_OBJC_ARC = YES;
				CLANG_ENABLE_OBJC_WEAK = YES;
				CLANG_WARN_BLOCK_CAPTURE_AUTORELEASING = YES;
				CLANG_WARN_BOOL_CONVERSION = YES;
				CLANG_WARN_COMMA = YES;
				CLANG_WARN_CONSTANT_CONVERSION = YES;
				CLANG_WARN_DEPRECATED_OBJC_IMPLEMENTATIONS = YES;
				CLANG_WARN_DIRECT_OBJC_ISA_USAGE = YES_ERROR;
				CLANG_WARN_DOCUMENTATION_COMMENTS = YES;
				CLANG_WARN_EMPTY_BODY = YES;
				CLANG_WARN_ENUM_CONVERSION = YES;
				CLANG_WARN_INFINITE_RECURSION = YES;
				CLANG_WARN_INT_CONVERSION = YES;
				CLANG_WARN_NON_LITERAL_NULL_CONVERSION = YES;
				CLANG_WARN_OBJC_IMPLICIT_RETAIN_SELF = YES;
				CLANG_WARN_OBJC_LITERAL_CONVERSION = YES;
				CLANG_WARN_OBJC_ROOT_CLASS = YES_ERROR;
				CLANG_WARN_QUOTED_INCLUDE_IN_FRAMEWORK_HEADER = YES;
				CLANG_WARN_RANGE_LOOP_ANALYSIS = YES;
				CLANG_WARN_STRICT_PROTOTYPES = YES;
				CLANG_WARN_SUSPICIOUS_MOVE = YES;
				CLANG_WARN_UNGUARDED_AVAILABILITY = YES_AGGRESSIVE;
				CLANG_WARN_UNREACHABLE_CODE = YES;
				CLANG_WARN__DUPLICATE_METHOD_MATCH = YES;
				CODE_SIGN_STYLE = Automatic;
				COPY_PHASE_STRIP = NO;
				CURRENT_PROJECT_VERSION = 1;
				DEBUG_INFORMATION_FORMAT = "dwarf-with-dsym";
				DEVELOPMENT_TEAM = TQPN82UBBY;
				ENABLE_NS_ASSERTIONS = NO;
				ENABLE_STRICT_OBJC_MSGSEND = YES;
				GCC_C_LANGUAGE_STANDARD = gnu11;
				GCC_NO_COMMON_BLOCKS = YES;
				GCC_WARN_64_TO_32_BIT_CONVERSION = YES;
				GCC_WARN_ABOUT_RETURN_TYPE = YES_ERROR;
				GCC_WARN_UNDECLARED_SELECTOR = YES;
				GCC_WARN_UNINITIALIZED_AUTOS = YES_AGGRESSIVE;
				GCC_WARN_UNUSED_FUNCTION = YES;
				GCC_WARN_UNUSED_VARIABLE = YES;
				IPHONEOS_DEPLOYMENT_TARGET = 18.0;
				MARKETING_VERSION = 1.0.0;
				MTL_ENABLE_DEBUG_INFO = NO;
				MTL_FAST_MATH = YES;
				PRODUCT_NAME = "$(TARGET_NAME)";
				SDKROOT = iphoneos;
				SWIFT_APPROACHABLE_CONCURRENCY = YES;
				SWIFT_COMPILATION_MODE = wholemodule;
				SWIFT_DEFAULT_ACTOR_ISOLATION = MainActor;
				SWIFT_OPTIMIZATION_LEVEL = "-O";
				SWIFT_VERSION = 6.0;
			};
			name = Release;
		};
		6B5D04BF525E6EA3C0EED5AD /* Debug */ = {
			isa = XCBuildConfiguration;
			buildSettings = {
				BUNDLE_LOADER = "$(TEST_HOST)";
				GENERATE_INFOPLIST_FILE = YES;
				IPHONEOS_DEPLOYMENT_TARGET = 18.0;
				LD_RUNPATH_SEARCH_PATHS = (
					"$(inherited)",
					"@executable_path/Frameworks",
					"@loader_path/Frameworks",
				);
				"LD_RUNPATH_SEARCH_PATHS[sdk=macosx*]" = (
					"$(inherited)",
					"@executable_path/../Frameworks",
					"@loader_path/../Frameworks",
				);
				MACOSX_DEPLOYMENT_TARGET = 15.0;
				PRODUCT_BUNDLE_IDENTIFIER = com.bannzai.NikkiTests;
				SDKROOT = auto;
				SUPPORTED_PLATFORMS = "iphoneos iphonesimulator macosx";
				SUPPORTS_MACCATALYST = NO;
				TARGETED_DEVICE_FAMILY = "1,2";
				TEST_HOST = "$(BUILT_PRODUCTS_DIR)/Nikki.app/Nikki";
				"TEST_HOST[sdk=macosx*]" = "$(BUILT_PRODUCTS_DIR)/Nikki.app/Contents/MacOS/Nikki";
			};
			name = Debug;
		};
		7B94FB3137840129C9F05BC6 /* Debug */ = {
			isa = XCBuildConfiguration;
			buildSettings = {
				ALWAYS_SEARCH_USER_PATHS = NO;
				CLANG_ANALYZER_NONNULL = YES;
				CLANG_ANALYZER_NUMBER_OBJECT_CONVERSION = YES_AGGRESSIVE;
				CLANG_CXX_LANGUAGE_STANDARD = "gnu++14";
				CLANG_CXX_LIBRARY = "libc++";
				CLANG_ENABLE_MODULES = YES;
				CLANG_ENABLE_OBJC_ARC = YES;
				CLANG_ENABLE_OBJC_WEAK = YES;
				CLANG_WARN_BLOCK_CAPTURE_AUTORELEASING = YES;
				CLANG_WARN_BOOL_CONVERSION = YES;
				CLANG_WARN_COMMA = YES;
				CLANG_WARN_CONSTANT_CONVERSION = YES;
				CLANG_WARN_DEPRECATED_OBJC_IMPLEMENTATIONS = YES;
				CLANG_WARN_DIRECT_OBJC_ISA_USAGE = YES_ERROR;
				CLANG_WARN_DOCUMENTATION_COMMENTS = YES;
				CLANG_WARN_EMPTY_BODY = YES;
				CLANG_WARN_ENUM_CONVERSION = YES;
				CLANG_WARN_INFINITE_RECURSION = YES;
				CLANG_WARN_INT_CONVERSION = YES;
				CLANG_WARN_NON_LITERAL_NULL_CONVERSION = YES;
				CLANG_WARN_OBJC_IMPLICIT_RETAIN_SELF = YES;
				CLANG_WARN_OBJC_LITERAL_CONVERSION = YES;
				CLANG_WARN_OBJC_ROOT_CLASS = YES_ERROR;
				CLANG_WARN_QUOTED_INCLUDE_IN_FRAMEWORK_HEADER = YES;
				CLANG_WARN_RANGE_LOOP_ANALYSIS = YES;
				CLANG_WARN_STRICT_PROTOTYPES = YES;
				CLANG_WARN_SUSPICIOUS_MOVE = YES;
				CLANG_WARN_UNGUARDED_AVAILABILITY = YES_AGGRESSIVE;
				CLANG_WARN_UNREACHABLE_CODE = YES;
				CLANG_WARN__DUPLICATE_METHOD_MATCH = YES;
				CODE_SIGN_STYLE = Automatic;
				COPY_PHASE_STRIP = NO;
				CURRENT_PROJECT_VERSION = 1;
				DEBUG_INFORMATION_FORMAT = dwarf;
				DEVELOPMENT_TEAM = TQPN82UBBY;
				ENABLE_STRICT_OBJC_MSGSEND = YES;
				ENABLE_TESTABILITY = YES;
				GCC_C_LANGUAGE_STANDARD = gnu11;
				GCC_DYNAMIC_NO_PIC = NO;
				GCC_NO_COMMON_BLOCKS = YES;
				GCC_OPTIMIZATION_LEVEL = 0;
				GCC_PREPROCESSOR_DEFINITIONS = (
					"$(inherited)",
					"DEBUG=1",
				);
				GCC_WARN_64_TO_32_BIT_CONVERSION = YES;
				GCC_WARN_ABOUT_RETURN_TYPE = YES_ERROR;
				GCC_WARN_UNDECLARED_SELECTOR = YES;
				GCC_WARN_UNINITIALIZED_AUTOS = YES_AGGRESSIVE;
				GCC_WARN_UNUSED_FUNCTION = YES;
				GCC_WARN_UNUSED_VARIABLE = YES;
				IPHONEOS_DEPLOYMENT_TARGET = 18.0;
				MARKETING_VERSION = 1.0.0;
				MTL_ENABLE_DEBUG_INFO = INCLUDE_SOURCE;
				MTL_FAST_MATH = YES;
				ONLY_ACTIVE_ARCH = YES;
				PRODUCT_NAME = "$(TARGET_NAME)";
				SDKROOT = iphoneos;
				SWIFT_ACTIVE_COMPILATION_CONDITIONS = DEBUG;
				SWIFT_APPROACHABLE_CONCURRENCY = YES;
				SWIFT_DEFAULT_ACTOR_ISOLATION = MainActor;
				SWIFT_OPTIMIZATION_LEVEL = "-Onone";
				SWIFT_VERSION = 6.0;
			};
			name = Debug;
		};
		E2A68CEA7AFCA1455BC72899 /* Release */ = {
			isa = XCBuildConfiguration;
			buildSettings = {
				BUNDLE_LOADER = "$(TEST_HOST)";
				GENERATE_INFOPLIST_FILE = YES;
				IPHONEOS_DEPLOYMENT_TARGET = 18.0;
				LD_RUNPATH_SEARCH_PATHS = (
					"$(inherited)",
					"@executable_path/Frameworks",
					"@loader_path/Frameworks",
				);
				"LD_RUNPATH_SEARCH_PATHS[sdk=macosx*]" = (
					"$(inherited)",
					"@executable_path/../Frameworks",
					"@loader_path/../Frameworks",
				);
				MACOSX_DEPLOYMENT_TARGET = 15.0;
				PRODUCT_BUNDLE_IDENTIFIER = com.bannzai.NikkiTests;
				SDKROOT = auto;
				SUPPORTED_PLATFORMS = "iphoneos iphonesimulator macosx";
				SUPPORTS_MACCATALYST = NO;
				TARGETED_DEVICE_FAMILY = "1,2";
				TEST_HOST = "$(BUILT_PRODUCTS_DIR)/Nikki.app/Nikki";
				"TEST_HOST[sdk=macosx*]" = "$(BUILT_PRODUCTS_DIR)/Nikki.app/Contents/MacOS/Nikki";
			};
			name = Release;
		};
/* End XCBuildConfiguration section */

/* Begin XCConfigurationList section */
		9E4C1A70B3D25F8146A7C008 /* Build configuration list for PBXNativeTarget "NikkiUITests" */ = {
			isa = XCConfigurationList;
			buildConfigurations = (
				9E4C1A70B3D25F8146A7C006 /* Debug */,
				9E4C1A70B3D25F8146A7C007 /* Release */,
			);
			defaultConfigurationIsVisible = 0;
			defaultConfigurationName = Debug;
		};
		541D6ACCE3BA87317A4073B4 /* Build configuration list for PBXNativeTarget "NikkiTests" */ = {
			isa = XCConfigurationList;
			buildConfigurations = (
				6B5D04BF525E6EA3C0EED5AD /* Debug */,
				E2A68CEA7AFCA1455BC72899 /* Release */,
			);
			defaultConfigurationIsVisible = 0;
			defaultConfigurationName = Debug;
		};
		79CBA718B90F10AF93AAF9F2 /* Build configuration list for PBXProject "Nikki" */ = {
			isa = XCConfigurationList;
			buildConfigurations = (
				7B94FB3137840129C9F05BC6 /* Debug */,
				55D173B46432ECF709CE0EC0 /* Release */,
			);
			defaultConfigurationIsVisible = 0;
			defaultConfigurationName = Debug;
		};
		AFE06502562D18338371C047 /* Build configuration list for PBXNativeTarget "Nikki" */ = {
			isa = XCConfigurationList;
			buildConfigurations = (
				5023EE8AE4AAAAEF72C1026E /* Debug */,
				0A277F8A25B763F69F1B2731 /* Release */,
			);
			defaultConfigurationIsVisible = 0;
			defaultConfigurationName = Debug;
		};
/* End XCConfigurationList section */

/* Begin XCRemoteSwiftPackageReference section */
		D4A1B2C3E5F60718293A4B11 /* XCRemoteSwiftPackageReference "LicenseList" */ = {
			isa = XCRemoteSwiftPackageReference;
			repositoryURL = "https://github.com/cybozu/LicenseList.git";
			requirement = {
				kind = upToNextMajorVersion;
				minimumVersion = 2.5.0;
			};
		};
		D4A1B2C3E5F60718293A4B01 /* XCRemoteSwiftPackageReference "purchases-ios-spm" */ = {
			isa = XCRemoteSwiftPackageReference;
			repositoryURL = "https://github.com/RevenueCat/purchases-ios-spm";
			requirement = {
				kind = upToNextMajorVersion;
				minimumVersion = 5.83.1;
			};
		};
/* End XCRemoteSwiftPackageReference section */

/* Begin XCSwiftPackageProductDependency section */
		D4A1B2C3E5F60718293A4B12 /* LicenseList */ = {
			isa = XCSwiftPackageProductDependency;
			package = D4A1B2C3E5F60718293A4B11 /* XCRemoteSwiftPackageReference "LicenseList" */;
			productName = LicenseList;
		};
		D4A1B2C3E5F60718293A4B02 /* RevenueCat */ = {
			isa = XCSwiftPackageProductDependency;
			package = D4A1B2C3E5F60718293A4B01 /* XCRemoteSwiftPackageReference "purchases-ios-spm" */;
			productName = RevenueCat;
		};
/* End XCSwiftPackageProductDependency section */
	};
	rootObject = C619DB1EB9B6EB70324F8801 /* Project object */;
}
